# @generated - this file is auto-generated by `mise lock` https://mise.jdx.dev/dev-tools/mise-lock.html

[[tools."aqua:EmbarkStudios/cargo-deny"]]
version = "0.20.2"
backend = "aqua:EmbarkStudios/cargo-deny"

[tools."aqua:EmbarkStudios/cargo-deny"."platforms.linux-arm64"]
checksum = "sha256:995c82be0defc7a025cae49a2aa2644ce8245c9a3318fc4103907c6a285e8c7d"
url = "https://github.com/EmbarkStudios/cargo-deny/releases/download/0.20.2/cargo-deny-0.20.2-aarch64-unknown-linux-musl.tar.gz"
url_api = "https://api.github.com/repos/EmbarkStudios/cargo-deny/releases/assets/471598345"

[tools."aqua:EmbarkStudios/cargo-deny"."platforms.linux-arm64-musl"]
checksum = "sha256:995c82be0defc7a025cae49a2aa2644ce8245c9a3318fc4103907c6a285e8c7d"
url = "https://github.com/EmbarkStudios/cargo-deny/releases/download/0.20.2/cargo-deny-0.20.2-aarch64-unknown-linux-musl.tar.gz"
url_api = "https://api.github.com/repos/EmbarkStudios/cargo-deny/releases/assets/471598345"

[tools."aqua:EmbarkStudios/cargo-deny"."platforms.linux-x64"]
checksum = "sha256:9f12ed4c49936e09b48bf862b595cde2fe64fcbd9d74dfacac6131ca824c8d5f"
url = "https://github.com/EmbarkStudios/cargo-deny/releases/download/0.20.2/cargo-deny-0.20.2-x86_64-unknown-linux-musl.tar.gz"
url_api = "https://api.github.com/repos/EmbarkStudios/cargo-deny/releases/assets/471598214"

[tools."aqua:EmbarkStudios/cargo-deny"."platforms.linux-x64-baseline"]
checksum = "sha256:9f12ed4c49936e09b48bf862b595cde2fe64fcbd9d74dfacac6131ca824c8d5f"
url = "https://github.com/EmbarkStudios/cargo-deny/releases/download/0.20.2/cargo-deny-0.20.2-x86_64-unknown-linux-musl.tar.gz"
url_api = "https://api.github.com/repos/EmbarkStudios/cargo-deny/releases/assets/471598214"

[tools."aqua:EmbarkStudios/cargo-deny"."platforms.linux-x64-musl"]
checksum = "sha256:9f12ed4c49936e09b48bf862b595cde2fe64fcbd9d74dfacac6131ca824c8d5f"
url = "https://github.com/EmbarkStudios/cargo-deny/releases/download/0.20.2/cargo-deny-0.20.2-x86_64-unknown-linux-musl.tar.gz"
url_api = "https://api.github.com/repos/EmbarkStudios/cargo-deny/releases/assets/471598214"

[tools."aqua:EmbarkStudios/cargo-deny"."platforms.linux-x64-musl-baseline"]
checksum = "sha256:9f12ed4c49936e09b48bf862b595cde2fe64fcbd9d74dfacac6131ca824c8d5f"
url = "https://github.com/EmbarkStudios/cargo-deny/releases/download/0.20.2/cargo-deny-0.20.2-x86_64-unknown-linux-musl.tar.gz"
url_api = "https://api.github.com/repos/EmbarkStudios/cargo-deny/releases/assets/471598214"

[tools."aqua:EmbarkStudios/cargo-deny"."platforms.macos-arm64"]
checksum = "sha256:fe67d82a10d8597a3549364cb733a3f9cc1bfff9031b7ae46384a9f2a72090c3"
url = "https://github.com/EmbarkStudios/cargo-deny/releases/download/0.20.2/cargo-deny-0.20.2-aarch64-apple-darwin.tar.gz"
url_api = "https://api.github.com/repos/EmbarkStudios/cargo-deny/releases/assets/471597689"

[tools."aqua:EmbarkStudios/cargo-deny"."platforms.macos-x64"]
checksum = "sha256:248da7f581724e470071990c088ffc55c811981715f4cbdb258621fb79f8b7a6"
url = "https://github.com/EmbarkStudios/cargo-deny/releases/download/0.20.2/cargo-deny-0.20.2-x86_64-apple-darwin.tar.gz"
url_api = "https://api.github.com/repos/EmbarkStudios/cargo-deny/releases/assets/471598357"

[tools."aqua:EmbarkStudios/cargo-deny"."platforms.macos-x64-baseline"]
checksum = "sha256:248da7f581724e470071990c088ffc55c811981715f4cbdb258621fb79f8b7a6"
url = "https://github.com/EmbarkStudios/cargo-deny/releases/download/0.20.2/cargo-deny-0.20.2-x86_64-apple-darwin.tar.gz"
url_api = "https://api.github.com/repos/EmbarkStudios/cargo-deny/releases/assets/471598357"

[[tools."aqua:rust-cross/cargo-zigbuild"]]
version = "0.23.0"
backend = "aqua:rust-cross/cargo-zigbuild"

[tools."aqua:rust-cross/cargo-zigbuild"."platforms.linux-arm64"]
checksum = "sha256:5917d5416884cba0f23c2653016f7f2df2ec04e74eb6b259598fecc066f8c429"
url = "https://github.com/rust-cross/cargo-zigbuild/releases/download/v0.23.0/cargo-zigbuild-aarch64-unknown-linux-gnu.tar.xz"
url_api = "https://api.github.com/repos/rust-cross/cargo-zigbuild/releases/assets/450974332"

[tools."aqua:rust-cross/cargo-zigbuild"."platforms.linux-x64"]
checksum = "sha256:c636e4f72b6f40a40ddf0414c8c6056f78b87eea3be0edf01f08d65fa028a373"
url = "https://github.com/rust-cross/cargo-zigbuild/releases/download/v0.23.0/cargo-zigbuild-x86_64-unknown-linux-gnu.tar.xz"
url_api = "https://api.github.com/repos/rust-cross/cargo-zigbuild/releases/assets/450974354"

[tools."aqua:rust-cross/cargo-zigbuild"."platforms.linux-x64-baseline"]
checksum = "sha256:c636e4f72b6f40a40ddf0414c8c6056f78b87eea3be0edf01f08d65fa028a373"
url = "https://github.com/rust-cross/cargo-zigbuild/releases/download/v0.23.0/cargo-zigbuild-x86_64-unknown-linux-gnu.tar.xz"
url_api = "https://api.github.com/repos/rust-cross/cargo-zigbuild/releases/assets/450974354"

[tools."aqua:rust-cross/cargo-zigbuild"."platforms.linux-x64-musl"]
checksum = "sha256:f0aa9cc8220a84788c6e4a9b6d80422f041659227b680fdef982d5a8ddffddb4"
url = "https://github.com/rust-cross/cargo-zigbuild/releases/download/v0.23.0/cargo-zigbuild-x86_64-unknown-linux-musl.tar.xz"
url_api = "https://api.github.com/repos/rust-cross/cargo-zigbuild/releases/assets/450974357"

[tools."aqua:rust-cross/cargo-zigbuild"."platforms.linux-x64-musl-baseline"]
checksum = "sha256:f0aa9cc8220a84788c6e4a9b6d80422f041659227b680fdef982d5a8ddffddb4"
url = "https://github.com/rust-cross/cargo-zigbuild/releases/download/v0.23.0/cargo-zigbuild-x86_64-unknown-linux-musl.tar.xz"
url_api = "https://api.github.com/repos/rust-cross/cargo-zigbuild/releases/assets/450974357"

[tools."aqua:rust-cross/cargo-zigbuild"."platforms.macos-arm64"]
checksum = "sha256:3d8f1ad296d3f3e97122607f7c972393c6329801027acb71bb7d17a4e30ef092"
url = "https://github.com/rust-cross/cargo-zigbuild/releases/download/v0.23.0/cargo-zigbuild-aarch64-apple-darwin.tar.xz"
url_api = "https://api.github.com/repos/rust-cross/cargo-zigbuild/releases/assets/450974334"

[tools."aqua:rust-cross/cargo-zigbuild"."platforms.macos-x64"]
checksum = "sha256:f8c746d12dfae79ac0704c5aa13631a05b24c3e4ee7216eb40f70943bd8ca7b1"
url = "https://github.com/rust-cross/cargo-zigbuild/releases/download/v0.23.0/cargo-zigbuild-x86_64-apple-darwin.tar.xz"
url_api = "https://api.github.com/repos/rust-cross/cargo-zigbuild/releases/assets/450974346"

[tools."aqua:rust-cross/cargo-zigbuild"."platforms.macos-x64-baseline"]
checksum = "sha256:f8c746d12dfae79ac0704c5aa13631a05b24c3e4ee7216eb40f70943bd8ca7b1"
url = "https://github.com/rust-cross/cargo-zigbuild/releases/download/v0.23.0/cargo-zigbuild-x86_64-apple-darwin.tar.xz"
url_api = "https://api.github.com/repos/rust-cross/cargo-zigbuild/releases/assets/450974346"

[[tools.bun]]
version = "1.3.14"
backend = "core:bun"

[tools.bun."platforms.linux-arm64"]
checksum = "sha256:a27ffb63a8310375836e0d6f668ae17fa8d8d18b88c37c821c65331973a19a3b"
url = "https://github.com/oven-sh/bun/releases/download/bun-v1.3.14/bun-linux-aarch64.zip"

[tools.bun."platforms.linux-arm64-musl"]
checksum = "sha256:b98e0ad3625c5c00d1d5b5ff55605c7adddbfae151861e68ade57b2d3b8703bb"
url = "https://github.com/oven-sh/bun/releases/download/bun-v1.3.14/bun-linux-aarch64-musl.zip"

[tools.bun."platforms.linux-x64"]
checksum = "sha256:951ee2aee855f08595aeec6225226a298d3fea83a3dcd6465c09cbccdf7e848f"
url = "https://github.com/oven-sh/bun/releases/download/bun-v1.3.14/bun-linux-x64.zip"

[tools.bun."platforms.linux-x64-baseline"]
checksum = "sha256:a063908ae08b7852ca10939bbdc6ceed3ddabce8fb9402dce83d65d73b36e6c7"
url = "https://github.com/oven-sh/bun/releases/download/bun-v1.3.14/bun-linux-x64-baseline.zip"

[tools.bun."platforms.linux-x64-musl"]
checksum = "sha256:14bd9aedeebf1dba67e8def9531c89bc989ecfdf1de42e5bfcaf1b8cd9294719"
url = "https://github.com/oven-sh/bun/releases/download/bun-v1.3.14/bun-linux-x64-musl.zip"

[tools.bun."platforms.linux-x64-musl-baseline"]
checksum = "sha256:56a7d6806cf155536c0178f0ea5fbd098e684fa509ebdb4fc0a7e19fb65382dc"
url = "https://github.com/oven-sh/bun/releases/download/bun-v1.3.14/bun-linux-x64-musl-baseline.zip"

[tools.bun."platforms.macos-arm64"]
checksum = "sha256:d8b96221828ad6f97ac7ac0ab7e95872341af763001e8803e8267652c2652620"
url = "https://github.com/oven-sh/bun/releases/download/bun-v1.3.14/bun-darwin-aarch64.zip"

[tools.bun."platforms.macos-x64"]
checksum = "sha256:4183df3374623e5bab315c547cfa0974533cd457d86b73b639f7a87974cd6633"
url = "https://github.com/oven-sh/bun/releases/download/bun-v1.3.14/bun-darwin-x64.zip"

[tools.bun."platforms.macos-x64-baseline"]
checksum = "sha256:3e35ad6f53971a9834bf9e6786e2adf72b5f1921cc9a9c5fde073d2972944076"
url = "https://github.com/oven-sh/bun/releases/download/bun-v1.3.14/bun-darwin-x64-baseline.zip"

[[tools."github:rustwasm/wasm-bindgen"]]
version = "0.2.127"
backend = "github:rustwasm/wasm-bindgen"

[tools."github:rustwasm/wasm-bindgen"."platforms.linux-arm64"]
checksum = "sha256:1ce0ebd74e378d989651091f93c917bd7700996945d4c5ce37ec9507f149225c"
url = "https://github.com/wasm-bindgen/wasm-bindgen/releases/download/0.2.127/wasm-bindgen-0.2.127-aarch64-unknown-linux-gnu.tar.gz"
url_api = "https://api.github.com/repos/wasm-bindgen/wasm-bindgen/releases/assets/505858464"
provenance = "github-attestations"

[tools."github:rustwasm/wasm-bindgen"."platforms.linux-arm64-musl"]
checksum = "sha256:699ddbb724ece16f912b73a98b5341a75f4b8c7886ce152d40dbe09f694e46c7"
url = "https://github.com/wasm-bindgen/wasm-bindgen/releases/download/0.2.127/wasm-bindgen-0.2.127-aarch64-unknown-linux-musl.tar.gz"
url_api = "https://api.github.com/repos/wasm-bindgen/wasm-bindgen/releases/assets/505858466"
provenance = "github-attestations"

[tools."github:rustwasm/wasm-bindgen"."platforms.linux-x64"]
checksum = "sha256:61d4a7dc85acfa0d2354ccc0b8361928c7e52a746d17f28ebaa795ed3dc1614a"
url = "https://github.com/wasm-bindgen/wasm-bindgen/releases/download/0.2.127/wasm-bindgen-0.2.127-x86_64-unknown-linux-musl.tar.gz"
url_api = "https://api.github.com/repos/wasm-bindgen/wasm-bindgen/releases/assets/505858453"
provenance = "github-attestations"

[tools."github:rustwasm/wasm-bindgen"."platforms.linux-x64-baseline"]
checksum = "sha256:61d4a7dc85acfa0d2354ccc0b8361928c7e52a746d17f28ebaa795ed3dc1614a"
url = "https://github.com/wasm-bindgen/wasm-bindgen/releases/download/0.2.127/wasm-bindgen-0.2.127-x86_64-unknown-linux-musl.tar.gz"
url_api = "https://api.github.com/repos/wasm-bindgen/wasm-bindgen/releases/assets/505858453"
provenance = "github-attestations"

[tools."github:rustwasm/wasm-bindgen"."platforms.linux-x64-musl"]
checksum = "sha256:61d4a7dc85acfa0d2354ccc0b8361928c7e52a746d17f28ebaa795ed3dc1614a"
url = "https://github.com/wasm-bindgen/wasm-bindgen/releases/download/0.2.127/wasm-bindgen-0.2.127-x86_64-unknown-linux-musl.tar.gz"
url_api = "https://api.github.com/repos/wasm-bindgen/wasm-bindgen/releases/assets/505858453"
provenance = "github-attestations"

[tools."github:rustwasm/wasm-bindgen"."platforms.linux-x64-musl-baseline"]
checksum = "sha256:61d4a7dc85acfa0d2354ccc0b8361928c7e52a746d17f28ebaa795ed3dc1614a"
url = "https://github.com/wasm-bindgen/wasm-bindgen/releases/download/0.2.127/wasm-bindgen-0.2.127-x86_64-unknown-linux-musl.tar.gz"
url_api = "https://api.github.com/repos/wasm-bindgen/wasm-bindgen/releases/assets/505858453"
provenance = "github-attestations"

[tools."github:rustwasm/wasm-bindgen"."platforms.macos-arm64"]
checksum = "sha256:cd93e691eb5953ace5d8ffce52a20b024077a3dac3e2215b8224136b0efb7585"
url = "https://github.com/wasm-bindgen/wasm-bindgen/releases/download/0.2.127/wasm-bindgen-0.2.127-aarch64-apple-darwin.tar.gz"
url_api = "https://api.github.com/repos/wasm-bindgen/wasm-bindgen/releases/assets/505858463"
provenance = "github-attestations"
provenance_verified = true

[tools."github:rustwasm/wasm-bindgen"."platforms.macos-x64"]
checksum = "sha256:81049c79f4e283e1725e6582a0528af1301a70ad23add1df1c4d042ec825263d"
url = "https://github.com/wasm-bindgen/wasm-bindgen/releases/download/0.2.127/wasm-bindgen-0.2.127-x86_64-apple-darwin.tar.gz"
url_api = "https://api.github.com/repos/wasm-bindgen/wasm-bindgen/releases/assets/505858457"
provenance = "github-attestations"

[tools."github:rustwasm/wasm-bindgen"."platforms.macos-x64-baseline"]
checksum = "sha256:81049c79f4e283e1725e6582a0528af1301a70ad23add1df1c4d042ec825263d"
url = "https://github.com/wasm-bindgen/wasm-bindgen/releases/download/0.2.127/wasm-bindgen-0.2.127-x86_64-apple-darwin.tar.gz"
url_api = "https://api.github.com/repos/wasm-bindgen/wasm-bindgen/releases/assets/505858457"
provenance = "github-attestations"

[[tools.rust]]
version = "1.97.1"
backend = "core:rust"

[tools.rust.options]
components = "clippy,rustfmt"
profile = "minimal"
targets = "aarch64-apple-darwin,aarch64-unknown-linux-gnu,aarch64-unknown-linux-musl,wasm32-unknown-unknown,x86_64-apple-darwin,x86_64-unknown-linux-gnu,x86_64-unknown-linux-musl"

[[tools.zig]]
version = "0.15.2"
backend = "core:zig"

[tools.zig."platforms.linux-arm64"]
checksum = "sha256:958ed7d1e00d0ea76590d27666efbf7a932281b3d7ba0c6b01b0ff26498f667f"
url = "https://ziglang.org/download/0.15.2/zig-aarch64-linux-0.15.2.tar.xz"

[tools.zig."platforms.linux-arm64-musl"]
checksum = "sha256:958ed7d1e00d0ea76590d27666efbf7a932281b3d7ba0c6b01b0ff26498f667f"
url = "https://ziglang.org/download/0.15.2/zig-aarch64-linux-0.15.2.tar.xz"

[tools.zig."platforms.linux-x64"]
checksum = "sha256:02aa270f183da276e5b5920b1dac44a63f1a49e55050ebde3aecc9eb82f93239"
url = "https://ziglang.org/download/0.15.2/zig-x86_64-linux-0.15.2.tar.xz"

[tools.zig."platforms.linux-x64-baseline"]
checksum = "sha256:02aa270f183da276e5b5920b1dac44a63f1a49e55050ebde3aecc9eb82f93239"
url = "https://ziglang.org/download/0.15.2/zig-x86_64-linux-0.15.2.tar.xz"

[tools.zig."platforms.linux-x64-musl"]
checksum = "sha256:02aa270f183da276e5b5920b1dac44a63f1a49e55050ebde3aecc9eb82f93239"
url = "https://ziglang.org/download/0.15.2/zig-x86_64-linux-0.15.2.tar.xz"

[tools.zig."platforms.linux-x64-musl-baseline"]
checksum = "sha256:02aa270f183da276e5b5920b1dac44a63f1a49e55050ebde3aecc9eb82f93239"
url = "https://ziglang.org/download/0.15.2/zig-x86_64-linux-0.15.2.tar.xz"

[tools.zig."platforms.macos-arm64"]
checksum = "sha256:3cc2bab367e185cdfb27501c4b30b1b0653c28d9f73df8dc91488e66ece5fa6b"
url = "https://ziglang.org/download/0.15.2/zig-aarch64-macos-0.15.2.tar.xz"

[tools.zig."platforms.macos-x64"]
checksum = "sha256:375b6909fc1495d16fc2c7db9538f707456bfc3373b14ee83fdd3e22b3d43f7f"
url = "https://ziglang.org/download/0.15.2/zig-x86_64-macos-0.15.2.tar.xz"

[tools.zig."platforms.macos-x64-baseline"]
checksum = "sha256:375b6909fc1495d16fc2c7db9538f707456bfc3373b14ee83fdd3e22b3d43f7f"
url = "https://ziglang.org/download/0.15.2/zig-x86_64-macos-0.15.2.tar.xz"
